// !$*UTF8*$!
{
	archiveVersion = 1;
	classes = {
	};
	objectVersion = 50;
	objects = {

/* Begin PBXBuildFile section */
		74932DDF21EDEC440030C8D1 /* AppDelegate.swift in Sources */ = {isa = PBXBuildFile; fileRef = 74932DDE21EDEC440030C8D1 /* AppDelegate.swift */; };
		74932DE121EDEC440030C8D1 /* ViewController.swift in Sources */ = {isa = PBXBuildFile; fileRef = 74932DE021EDEC440030C8D1 /* ViewController.swift */; };
		74932DE421EDEC440030C8D1 /* Main.storyboard in Resources */ = {isa = PBXBuildFile; fileRef = 74932DE221EDEC440030C8D1 /* Main.storyboard */; };
		74932DE621EDEC450030C8D1 /* Assets.xcassets in Resources */ = {isa = PBXBuildFile; fileRef = 74932DE521EDEC450030C8D1 /* Assets.xcassets */; };
		74932DE921EDEC450030C8D1 /* LaunchScreen.storyboard in Resources */ = {isa = PBXBuildFile; fileRef = 74932DE721EDEC450030C8D1 /* LaunchScreen.storyboard */; };
		74932DF321EEB74F0030C8D1 /* MapViewController.swift in Sources */ = {isa = PBXBuildFile; fileRef = 74932DF221EEB74F0030C8D1 /* MapViewController.swift */; };
		74932DF521F1746D0030C8D1 /* Spot.swift in Sources */ = {isa = PBXBuildFile; fileRef = 74932DF421F1746D0030C8D1 /* Spot.swift */; };
		74932DF721F175AB0030C8D1 /* SpotList.swift in Sources */ = {isa = PBXBuildFile; fileRef = 74932DF621F175AB0030C8D1 /* SpotList.swift */; };
		74932DF921F179540030C8D1 /* AddSpotViewController.swift in Sources */ = {isa = PBXBuildFile; fileRef = 74932DF821F179540030C8D1 /* AddSpotViewController.swift */; };
		74932DFB21F180360030C8D1 /* Adress.swift in Sources */ = {isa = PBXBuildFile; fileRef = 74932DFA21F180360030C8D1 /* Adress.swift */; };
		74C7781B21F744DF004E3E3A /* SpotListTableViewController.swift in Sources */ = {isa = PBXBuildFile; fileRef = 74C7781A21F744DF004E3E3A /* SpotListTableViewController.swift */; };
		74C7781D21F745FF004E3E3A /* SpotTableViewCell.swift in Sources */ = {isa = PBXBuildFile; fileRef = 74C7781C21F745FF004E3E3A /* SpotTableViewCell.swift */; };
/* End PBXBuildFile section */

/* Begin PBXFileReference section */
		74932DDB21EDEC440030C8D1 /* TuristMe.app */ = {isa = PBXFileReference; explicitFileType = wrapper.application; includeInIndex = 0; path = TuristMe.app; sourceTree = BUILT_PRODUCTS_DIR; };
		74932DDE21EDEC440030C8D1 /* AppDelegate.swift */ = {isa = PBXFileReference; lastKnownFileType = sourcecode.swift; path = AppDelegate.swift; sourceTree = "<group>"; };
		74932DE021EDEC440030C8D1 /* ViewController.swift */ = {isa = PBXFileReference; lastKnownFileType = sourcecode.swift; path = ViewController.swift; sourceTree = "<group>"; };
		74932DE321EDEC440030C8D1 /* Base */ = {isa = PBXFileReference; lastKnownFileType = file.storyboard; name = Base; path = Base.lproj/Main.storyboard; sourceTree = "<group>"; };
		74932DE521EDEC450030C8D1 /* Assets.xcassets */ = {isa = PBXFileReference; lastKnownFileType = folder.assetcatalog; path = Assets.xcassets; sourceTree = "<group>"; };
		74932DE821EDEC450030C8D1 /* Base */ = {isa = PBXFileReference; lastKnownFileType = file.storyboard; name = Base; path = Base.lproj/LaunchScreen.storyboard; sourceTree = "<group>"; };
		74932DEA21EDEC450030C8D1 /* Info.plist */ = {isa = PBXFileReference; lastKnownFileType = text.plist.xml; path = Info.plist; sourceTree = "<group>"; };
		74932DF221EEB74F0030C8D1 /* MapViewController.swift */ = {isa = PBXFileReference; lastKnownFileType = sourcecode.swift; path = MapViewController.swift; sourceTree = "<group>"; };
		74932DF421F1746D0030C8D1 /* Spot.swift */ = {isa = PBXFileReference; lastKnownFileType = sourcecode.swift; path = Spot.swift; sourceTree = "<group>"; };
		74932DF621F175AB0030C8D1 /* SpotList.swift */ = {isa = PBXFileReference; lastKnownFileType = sourcecode.swift; path = SpotList.swift; sourceTree = "<group>"; };
		74932DF821F179540030C8D1 /* AddSpotViewController.swift */ = {isa = PBXFileReference; lastKnownFileType = sourcecode.swift; path = AddSpotViewController.swift; sourceTree = "<group>"; };
		74932DFA21F180360030C8D1 /* Adress.swift */ = {isa = PBXFileReference; lastKnownFileType = sourcecode.swift; path = Adress.swift; sourceTree = "<group>"; };
		74C7781A21F744DF004E3E3A /* SpotListTableViewController.swift */ = {isa = PBXFileReference; lastKnownFileType = sourcecode.swift; path = SpotListTableViewController.swift; sourceTree = "<group>"; };
		74C7781C21F745FF004E3E3A /* SpotTableViewCell.swift */ = {isa = PBXFileReference; lastKnownFileType = sourcecode.swift; path = SpotTableViewCell.swift; sourceTree = "<group>"; };
/* End PBXFileReference section */

/* Begin PBXFrameworksBuildPhase section */
		74932DD821EDEC440030C8D1 /* Frameworks */ = {
			isa = PBXFrameworksBuildPhase;
			buildActionMask = 2147483647;
			files = (
			);
			runOnlyForDeploymentPostprocessing = 0;
		};
/* End PBXFrameworksBuildPhase section */

/* Begin PBXGroup section */
		74932DD221EDEC440030C8D1 = {
			isa = PBXGroup;
			children = (
				74932DDD21EDEC440030C8D1 /* TuristMe */,
				74932DDC21EDEC440030C8D1 /* Products */,
			);
			sourceTree = "<group>";
		};
		74932DDC21EDEC440030C8D1 /* Products */ = {
			isa = PBXGroup;
			children = (
				74932DDB21EDEC440030C8D1 /* TuristMe.app */,
			);
			name = Products;
			sourceTree = "<group>";
		};
		74932DDD21EDEC440030C8D1 /* TuristMe */ = {
			isa = PBXGroup;
			children = (
				74932DDE21EDEC440030C8D1 /* AppDelegate.swift */,
				74932DE021EDEC440030C8D1 /* ViewController.swift */,
				74932DE221EDEC440030C8D1 /* Main.storyboard */,
				74932DE521EDEC450030C8D1 /* Assets.xcassets */,
				74932DE721EDEC450030C8D1 /* LaunchScreen.storyboard */,
				74932DEA21EDEC450030C8D1 /* Info.plist */,
				74932DF221EEB74F0030C8D1 /* MapViewController.swift */,
				74932DF421F1746D0030C8D1 /* Spot.swift */,
				74932DF621F175AB0030C8D1 /* SpotList.swift */,
				74932DF821F179540030C8D1 /* AddSpotViewController.swift */,
				74932DFA21F180360030C8D1 /* Adress.swift */,
				74C7781A21F744DF004E3E3A /* SpotListTableViewController.swift */,
				74C7781C21F745FF004E3E3A /* SpotTableViewCell.swift */,
			);
			path = TuristMe;
			sourceTree = "<group>";
		};
/* End PBXGroup section */

/* Begin PBXNativeTarget section */
		74932DDA21EDEC440030C8D1 /* TuristMe */ = {
			isa = PBXNativeTarget;
			buildConfigurationList = 74932DED21EDEC450030C8D1 /* Build configuration list for PBXNativeTarget "TuristMe" */;
			buildPhases = (
				74932DD721EDEC440030C8D1 /* Sources */,
				74932DD821EDEC440030C8D1 /* Frameworks */,
				74932DD921EDEC440030C8D1 /* Resources */,
			);
			buildRules = (
			);
			dependencies = (
			);
			name = TuristMe;
			productName = TuristMe;
			productReference = 74932DDB21EDEC440030C8D1 /* TuristMe.app */;
			productType = "com.apple.product-type.application";
		};
/* End PBXNativeTarget section */

/* Begin PBXProject section */
		74932DD321EDEC440030C8D1 /* Project object */ = {
			isa = PBXProject;
			attributes = {
				LastSwiftUpdateCheck = 1010;
				LastUpgradeCheck = 1010;
				ORGANIZATIONNAME = "Carlos Agundez Torres";
				TargetAttributes = {
					74932DDA21EDEC440030C8D1 = {
						CreatedOnToolsVersion = 10.1;
					};
				};
			};
			buildConfigurationList = 74932DD621EDEC440030C8D1 /* Build configuration list for PBXProject "TuristMe" */;
			compatibilityVersion = "Xcode 9.3";
			developmentRegion = en;
			hasScannedForEncodings = 0;
			knownRegions = (
				en,
				Base,
			);
			mainGroup = 74932DD221EDEC440030C8D1;
			productRefGroup = 74932DDC21EDEC440030C8D1 /* Products */;
			projectDirPath = "";
			projectRoot = "";
			targets = (
				74932DDA21EDEC440030C8D1 /* TuristMe */,
			);
		};
/* End PBXProject section */

/* Begin PBXResourcesBuildPhase section */
		74932DD921EDEC440030C8D1 /* Resources */ = {
			isa = PBXResourcesBuildPhase;
			buildActionMask = 2147483647;
			files = (
				74932DE921EDEC450030C8D1 /* LaunchScreen.storyboard in Resources */,
				74932DE621EDEC450030C8D1 /* Assets.xcassets in Resources */,
				74932DE421EDEC440030C8D1 /* Main.storyboard in Resources */,
			);
			runOnlyForDeploymentPostprocessing = 0;
		};
/* End PBXResourcesBuildPhase section */

/* Begin PBXSourcesBuildPhase section */
		74932DD721EDEC440030C8D1 /* Sources */ = {
			isa = PBXSourcesBuildPhase;
			buildActionMask = 2147483647;
			files = (
				74932DE121EDEC440030C8D1 /* ViewController.swift in Sources */,
				74932DF721F175AB0030C8D1 /* SpotList.swift in Sources */,
				74932DF921F179540030C8D1 /* AddSpotViewController.swift in Sources */,
				74932DFB21F180360030C8D1 /* Adress.swift in Sources */,
				74932DF321EEB74F0030C8D1 /* MapViewController.swift in Sources */,
				74932DDF21EDEC440030C8D1 /* AppDelegate.swift in Sources */,
				74C7781D21F745FF004E3E3A /* SpotTableViewCell.swift in Sources */,
				74932DF521F1746D0030C8D1 /* Spot.swift in Sources */,
				74C7781B21F744DF004E3E3A /* SpotListTableViewController.swift in Sources */,
			);
			runOnlyForDeploymentPostprocessing = 0;
		};
/* End PBXSourcesBuildPhase section */

/* Begin PBXVariantGroup section */
		74932DE221EDEC440030C8D1 /* Main.storyboard */ = {
			isa = PBXVariantGroup;
			children = (
				74932DE321EDEC440030C8D1 /* Base */,
			);
			name = Main.storyboard;
			sourceTree = "<group>";
		};
		74932DE721EDEC450030C8D1 /* LaunchScreen.storyboard */ = {
			isa = PBXVariantGroup;
			children = (
				74932DE821EDEC450030C8D1 /* Base */,
			);
			name = LaunchScreen.storyboard;
			sourceTree = "<group>";
		};
/* End PBXVariantGroup section */

/* Begin XCBuildConfiguration section */
		74932DEB21EDEC450030C8D1 /* Debug */ = {
			isa = XCBuildConfiguration;
			buildSettings = {
				ALWAYS_SEARCH_USER_PATHS = NO;
				CLANG_ANALYZER_NONNULL = YES;
				CLANG_ANALYZER_NUMBER_OBJECT_CONVERSION = YES_AGGRESSIVE;
				CLANG_CXX_LANGUAGE_STANDARD = "gnu++14";
				CLANG_CXX_LIBRARY = "libc++";
				CLANG_ENABLE_MODULES = YES;
				CLANG_ENABLE_OBJC_ARC = YES;
				CLANG_ENABLE_OBJC_WEAK = YES;
				CLANG_WARN_BLOCK_CAPTURE_AUTORELEASING = YES;
				CLANG_WARN_BOOL_CONVERSION = YES;
				CLANG_WARN_COMMA = YES;
				CLANG_WARN_CONSTANT_CONVERSION = YES;
				CLANG_WARN_DEPRECATED_OBJC_IMPLEMENTATIONS = YES;
				CLANG_WARN_DIRECT_OBJC_ISA_USAGE = YES_ERROR;
				CLANG_WARN_DOCUMENTATION_COMMENTS = YES;
				CLANG_WARN_EMPTY_BODY = YES;
				CLANG_WARN_ENUM_CONVERSION = YES;
				CLANG_WARN_INFINITE_RECURSION = YES;
				CLANG_WARN_INT_CONVERSION = YES;
				CLANG_WARN_NON_LITERAL_NULL_CONVERSION = YES;
				CLANG_WARN_OBJC_IMPLICIT_RETAIN_SELF = YES;
				CLANG_WARN_OBJC_LITERAL_CONVERSION = YES;
				CLANG_WARN_OBJC_ROOT_CLASS = YES_ERROR;
				CLANG_WARN_RANGE_LOOP_ANALYSIS = YES;
				CLANG_WARN_STRICT_PROTOTYPES = YES;
				CLANG_WARN_SUSPICIOUS_MOVE = YES;
				CLANG_WARN_UNGUARDED_AVAILABILITY = YES_AGGRESSIVE;
				CLANG_WARN_UNREACHABLE_CODE = YES;
				CLANG_WARN__DUPLICATE_METHOD_MATCH = YES;
				CODE_SIGN_IDENTITY = "iPhone Developer";
				COPY_PHASE_STRIP = NO;
				DEBUG_INFORMATION_FORMAT = dwarf;
				ENABLE_STRICT_OBJC_MSGSEND = YES;
				ENABLE_TESTABILITY = YES;
				GCC_C_LANGUAGE_STANDARD = gnu11;
				GCC_DYNAMIC_NO_PIC = NO;
				GCC_NO_COMMON_BLOCKS = YES;
				GCC_OPTIMIZATION_LEVEL = 0;
				GCC_PREPROCESSOR_DEFINITIONS = (
					"DEBUG=1",
					"$(inherited)",
				);
				GCC_WARN_64_TO_32_BIT_CONVERSION = YES;
				GCC_WARN_ABOUT_RETURN_TYPE = YES_ERROR;
				GCC_WARN_UNDECLARED_SELECTOR = YES;
				GCC_WARN_UNINITIALIZED_AUTOS = YES_AGGRESSIVE;
				GCC_WARN_UNUSED_FUNCTION = YES;
				GCC_WARN_UNUSED_VARIABLE = YES;
				IPHONEOS_DEPLOYMENT_TARGET = 12.1;
				MTL_ENABLE_DEBUG_INFO = INCLUDE_SOURCE;
				MTL_FAST_MATH = YES;
				ONLY_ACTIVE_ARCH = YES;
				SDKROOT = iphoneos;
				SWIFT_ACTIVE_COMPILATION_CONDITIONS = DEBUG;
				SWIFT_OPTIMIZATION_LEVEL = "-Onone";
			};
			name = Debug;
		};
		74932DEC21EDEC450030C8D1 /* Release */ = {
			isa = XCBuildConfiguration;
			buildSettings = {
				ALWAYS_SEARCH_USER_PATHS = NO;
				CLANG_ANALYZER_NONNULL = YES;
				CLANG_ANALYZER_NUMBER_OBJECT_CONVERSION = YES_AGGRESSIVE;
				CLANG_CXX_LANGUAGE_STANDARD = "gnu++14";
				CLANG_CXX_LIBRARY = "libc++";
				CLANG_ENABLE_MODULES = YES;
				CLANG_ENABLE_OBJC_ARC = YES;
				CLANG_ENABLE_OBJC_WEAK = YES;
				CLANG_WARN_BLOCK_CAPTURE_AUTORELEASING = YES;
				CLANG_WARN_BOOL_CONVERSION = YES;
				CLANG_WARN_COMMA = YES;
				CLANG_WARN_CONSTANT_CONVERSION = YES;
				CLANG_WARN_DEPRECATED_OBJC_IMPLEMENTATIONS = YES;
				CLANG_WARN_DIRECT_OBJC_ISA_USAGE = YES_ERROR;
				CLANG_WARN_DOCUMENTATION_COMMENTS = YES;
				CLANG_WARN_EMPTY_BODY = YES;
				CLANG_WARN_ENUM_CONVERSION = YES;
				CLANG_WARN_INFINITE_RECURSION = YES;
				CLANG_WARN_INT_CONVERSION = YES;
				CLANG_WARN_NON_LITERAL_NULL_CONVERSION = YES;
				CLANG_WARN_OBJC_IMPLICIT_RETAIN_SELF = YES;
				CLANG_WARN_OBJC_LITERAL_CONVERSION = YES;
				CLANG_WARN_OBJC_ROOT_CLASS = YES_ERROR;
				CLANG_WARN_RANGE_LOOP_ANALYSIS = YES;
				CLANG_WARN_STRICT_PROTOTYPES = YES;
				CLANG_WARN_SUSPICIOUS_MOVE = YES;
				CLANG_WARN_UNGUARDED_AVAILABILITY = YES_AGGRESSIVE;
				CLANG_WARN_UNREACHABLE_CODE = YES;
				CLANG_WARN__DUPLICATE_METHOD_MATCH = YES;
				CODE_SIGN_IDENTITY = "iPhone Developer";
				COPY_PHASE_STRIP = NO;
				DEBUG_INFORMATION_FORMAT = "dwarf-with-dsym";
				ENABLE_NS_ASSERTIONS = NO;
				ENABLE_STRICT_OBJC_MSGSEND = YES;
				GCC_C_LANGUAGE_STANDARD = gnu11;
				GCC_NO_COMMON_BLOCKS = YES;
				GCC_WARN_64_TO_32_BIT_CONVERSION = YES;
				GCC_WARN_ABOUT_RETURN_TYPE = YES_ERROR;
				GCC_WARN_UNDECLARED_SELECTOR = YES;
				GCC_WARN_UNINITIALIZED_AUTOS = YES_AGGRESSIVE;
				GCC_WARN_UNUSED_FUNCTION = YES;
				GCC_WARN_UNUSED_VARIABLE = YES;
				IPHONEOS_DEPLOYMENT_TARGET = 12.1;
				MTL_ENABLE_DEBUG_INFO = NO;
				MTL_FAST_MATH = YES;
				SDKROOT = iphoneos;
				SWIFT_COMPILATION_MODE = wholemodule;
				SWIFT_OPTIMIZATION_LEVEL = "-O";
				VALIDATE_PRODUCT = YES;
			};
			name = Release;
		};
		74932DEE21EDEC450030C8D1 /* Debug */ = {
			isa = XCBuildConfiguration;
			buildSettings = {
				ASSETCATALOG_COMPILER_APPICON_NAME = AppIcon;
				CODE_SIGN_STYLE = Automatic;
				DEVELOPMENT_TEAM = 9JR35ZUHGX;
				INFOPLIST_FILE = TuristMe/Info.plist;
				LD_RUNPATH_SEARCH_PATHS = (
					"$(inherited)",
					"@executable_path/Frameworks",
				);
				PRODUCT_BUNDLE_IDENTIFIER = CarlosAgundez.TuristMe;
				PRODUCT_NAME = "$(TARGET_NAME)";
				SWIFT_VERSION = 4.2;
				TARGETED_DEVICE_FAMILY = "1,2";
			};
			name = Debug;
		};
		74932DEF21EDEC450030C8D1 /* Release */ = {
			isa = XCBuildConfiguration;
			buildSettings = {
				ASSETCATALOG_COMPILER_APPICON_NAME = AppIcon;
				CODE_SIGN_STYLE = Automatic;
				DEVELOPMENT_TEAM = 9JR35ZUHGX;
				INFOPLIST_FILE = TuristMe/Info.plist;
				LD_RUNPATH_SEARCH_PATHS = (
					"$(inherited)",
					"@executable_path/Frameworks",
				);
				PRODUCT_BUNDLE_IDENTIFIER = CarlosAgundez.TuristMe;
				PRODUCT_NAME = "$(TARGET_NAME)";
				SWIFT_VERSION = 4.2;
				TARGETED_DEVICE_FAMILY = "1,2";
			};
			name = Release;
		};
/* End XCBuildConfiguration section */

/* Begin XCConfigurationList section */
		74932DD621EDEC440030C8D1 /* Build configuration list for PBXProject "TuristMe" */ = {
			isa = XCConfigurationList;
			buildConfigurations = (
				74932DEB21EDEC450030C8D1 /* Debug */,
				74932DEC21EDEC450030C8D1 /* Release */,
			);
			defaultConfigurationIsVisible = 0;
			defaultConfigurationName = Release;
		};
		74932DED21EDEC450030C8D1 /* Build configuration list for PBXNativeTarget "TuristMe" */ = {
			isa = XCConfigurationList;
			buildConfigurations = (
				74932DEE21EDEC450030C8D1 /* Debug */,
				74932DEF21EDEC450030C8D1 /* Release */,
			);
			defaultConfigurationIsVisible = 0;
			defaultConfigurationName = Release;
		};
/* End XCConfigurationList section */
	};
	rootObject = 74932DD321EDEC440030C8D1 /* Project object */;
}
